// !$*UTF8*$!
{
	archiveVersion = 1;
	classes = {
	};
	objectVersion = 46;
	objects = {

/* Begin PBXBuildFile section */
		94EC47201D05C52300E34A5B /* main.cpp in Sources */ = {isa = PBXBuildFile; fileRef = 94EC471F1D05C52300E34A5B /* main.cpp */; };
		94EC47271D05D15400E34A5B /* Config.cpp in Sources */ = {isa = PBXBuildFile; fileRef = 94EC47251D05D15400E34A5B /* Config.cpp */; };
		94EC472E1D0618B500E34A5B /* CmdOptions.cpp in Sources */ = {isa = PBXBuildFile; fileRef = 94EC472C1D0618B500E34A5B /* CmdOptions.cpp */; };
		94F0019A1D06A86B00EDC9F7 /* E2Server.cpp in Sources */ = {isa = PBXBuildFile; fileRef = 94F001981D06A86B00EDC9F7 /* E2Server.cpp */; };
		94F0019F1D0788F000EDC9F7 /* Logger.cpp in Sources */ = {isa = PBXBuildFile; fileRef = 94F0019E1D0788F000EDC9F7 /* Logger.cpp */; };
/* End PBXBuildFile section */

/* Begin PBXCopyFilesBuildPhase section */
		94EC470D1D05C50B00E34A5B /* CopyFiles */ = {
			isa = PBXCopyFilesBuildPhase;
			buildActionMask = 2147483647;
			dstPath = /usr/share/man/man1/;
			dstSubfolderSpec = 0;
			files = (
			);
			runOnlyForDeploymentPostprocessing = 1;
		};
		94EC471B1D05C52300E34A5B /* CopyFiles */ = {
			isa = PBXCopyFilesBuildPhase;
			buildActionMask = 2147483647;
			dstPath = /usr/share/man/man1/;
			dstSubfolderSpec = 0;
			files = (
			);
			runOnlyForDeploymentPostprocessing = 1;
		};
/* End PBXCopyFilesBuildPhase section */

/* Begin PBXFileReference section */
		94EC470F1D05C50B00E34A5B /* e2 */ = {isa = PBXFileReference; explicitFileType = "compiled.mach-o.executable"; includeInIndex = 0; path = e2; sourceTree = BUILT_PRODUCTS_DIR; };
		94EC471D1D05C52300E34A5B /* controller */ = {isa = PBXFileReference; explicitFileType = "compiled.mach-o.executable"; includeInIndex = 0; path = controller; sourceTree = BUILT_PRODUCTS_DIR; };
		94EC471F1D05C52300E34A5B /* main.cpp */ = {isa = PBXFileReference; lastKnownFileType = sourcecode.cpp.cpp; path = main.cpp; sourceTree = "<group>"; };
		94EC47251D05D15400E34A5B /* Config.cpp */ = {isa = PBXFileReference; fileEncoding = 4; lastKnownFileType = sourcecode.cpp.cpp; path = Config.cpp; sourceTree = "<group>"; };
		94EC47261D05D15400E34A5B /* Config.hpp */ = {isa = PBXFileReference; fileEncoding = 4; lastKnownFileType = sourcecode.cpp.h; path = Config.hpp; sourceTree = "<group>"; };
		94EC472C1D0618B500E34A5B /* CmdOptions.cpp */ = {isa = PBXFileReference; fileEncoding = 4; lastKnownFileType = sourcecode.cpp.cpp; path = CmdOptions.cpp; sourceTree = "<group>"; };
		94EC472D1D0618B500E34A5B /* CmdOptions.hpp */ = {isa = PBXFileReference; fileEncoding = 4; lastKnownFileType = sourcecode.cpp.h; path = CmdOptions.hpp; sourceTree = "<group>"; };
		94F001981D06A86B00EDC9F7 /* E2Server.cpp */ = {isa = PBXFileReference; fileEncoding = 4; lastKnownFileType = sourcecode.cpp.cpp; path = E2Server.cpp; sourceTree = "<group>"; };
		94F001991D06A86B00EDC9F7 /* E2Server.hpp */ = {isa = PBXFileReference; fileEncoding = 4; lastKnownFileType = sourcecode.cpp.h; path = E2Server.hpp; sourceTree = "<group>"; };
		94F0019B1D074D3600EDC9F7 /* E2ServerProtos.h */ = {isa = PBXFileReference; lastKnownFileType = sourcecode.c.h; path = E2ServerProtos.h; sourceTree = "<group>"; };
		94F0019D1D0788F000EDC9F7 /* Logger.hpp */ = {isa = PBXFileReference; fileEncoding = 4; lastKnownFileType = sourcecode.cpp.h; path = Logger.hpp; sourceTree = "<group>"; };
		94F0019E1D0788F000EDC9F7 /* Logger.cpp */ = {isa = PBXFileReference; fileEncoding = 4; lastKnownFileType = sourcecode.cpp.cpp; path = Logger.cpp; sourceTree = "<group>"; };
/* End PBXFileReference section */

/* Begin PBXFrameworksBuildPhase section */
		94EC470C1D05C50B00E34A5B /* Frameworks */ = {
			isa = PBXFrameworksBuildPhase;
			buildActionMask = 2147483647;
			files = (
			);
			runOnlyForDeploymentPostprocessing = 0;
		};
		94EC471A1D05C52300E34A5B /* Frameworks */ = {
			isa = PBXFrameworksBuildPhase;
			buildActionMask = 2147483647;
			files = (
			);
			runOnlyForDeploymentPostprocessing = 0;
		};
/* End PBXFrameworksBuildPhase section */

/* Begin PBXGroup section */
		94EC47061D05C50B00E34A5B = {
			isa = PBXGroup;
			children = (
				94EC471E1D05C52300E34A5B /* controller */,
				94EC47101D05C50B00E34A5B /* Products */,
			);
			sourceTree = "<group>";
		};
		94EC47101D05C50B00E34A5B /* Products */ = {
			isa = PBXGroup;
			children = (
				94EC470F1D05C50B00E34A5B /* e2 */,
				94EC471D1D05C52300E34A5B /* controller */,
			);
			name = Products;
			sourceTree = "<group>";
		};
		94EC471E1D05C52300E34A5B /* controller */ = {
			isa = PBXGroup;
			children = (
				94EC471F1D05C52300E34A5B /* main.cpp */,
				94F0019C1D0788BC00EDC9F7 /* utils */,
				94F001971D06A85000EDC9F7 /* server */,
				94EC47241D05D13A00E34A5B /* config */,
			);
			path = controller;
			sourceTree = "<group>";
		};
		94EC47241D05D13A00E34A5B /* config */ = {
			isa = PBXGroup;
			children = (
				94EC47251D05D15400E34A5B /* Config.cpp */,
				94EC47261D05D15400E34A5B /* Config.hpp */,
				94EC472C1D0618B500E34A5B /* CmdOptions.cpp */,
				94EC472D1D0618B500E34A5B /* CmdOptions.hpp */,
			);
			path = config;
			sourceTree = "<group>";
		};
		94F001971D06A85000EDC9F7 /* server */ = {
			isa = PBXGroup;
			children = (
				94F001981D06A86B00EDC9F7 /* E2Server.cpp */,
				94F001991D06A86B00EDC9F7 /* E2Server.hpp */,
				94F0019B1D074D3600EDC9F7 /* E2ServerProtos.h */,
			);
			path = server;
			sourceTree = "<group>";
		};
		94F0019C1D0788BC00EDC9F7 /* utils */ = {
			isa = PBXGroup;
			children = (
				94F0019D1D0788F000EDC9F7 /* Logger.hpp */,
				94F0019E1D0788F000EDC9F7 /* Logger.cpp */,
			);
			path = utils;
			sourceTree = "<group>";
		};
/* End PBXGroup section */

/* Begin PBXNativeTarget section */
		94EC470E1D05C50B00E34A5B /* e2 */ = {
			isa = PBXNativeTarget;
			buildConfigurationList = 94EC47161D05C50B00E34A5B /* Build configuration list for PBXNativeTarget "e2" */;
			buildPhases = (
				94EC470B1D05C50B00E34A5B /* Sources */,
				94EC470C1D05C50B00E34A5B /* Frameworks */,
				94EC470D1D05C50B00E34A5B /* CopyFiles */,
			);
			buildRules = (
			);
			dependencies = (
			);
			name = e2;
			productName = e2;
			productReference = 94EC470F1D05C50B00E34A5B /* e2 */;
			productType = "com.apple.product-type.tool";
		};
		94EC471C1D05C52300E34A5B /* controller */ = {
			isa = PBXNativeTarget;
			buildConfigurationList = 94EC47211D05C52300E34A5B /* Build configuration list for PBXNativeTarget "controller" */;
			buildPhases = (
				94EC47191D05C52300E34A5B /* Sources */,
				94EC471A1D05C52300E34A5B /* Frameworks */,
				94EC471B1D05C52300E34A5B /* CopyFiles */,
			);
			buildRules = (
			);
			dependencies = (
			);
			name = controller;
			productName = controller;
			productReference = 94EC471D1D05C52300E34A5B /* controller */;
			productType = "com.apple.product-type.tool";
		};
/* End PBXNativeTarget section */

/* Begin PBXProject section */
		94EC47071D05C50B00E34A5B /* Project object */ = {
			isa = PBXProject;
			attributes = {
				LastUpgradeCheck = 0710;
				ORGANIZATIONNAME = "Juniper Networks";
				TargetAttributes = {
					94EC470E1D05C50B00E34A5B = {
						CreatedOnToolsVersion = 7.1;
					};
					94EC471C1D05C52300E34A5B = {
						CreatedOnToolsVersion = 7.1;
					};
				};
			};
			buildConfigurationList = 94EC470A1D05C50B00E34A5B /* Build configuration list for PBXProject "e2" */;
			compatibilityVersion = "Xcode 3.2";
			developmentRegion = English;
			hasScannedForEncodings = 0;
			knownRegions = (
				en,
			);
			mainGroup = 94EC47061D05C50B00E34A5B;
			productRefGroup = 94EC47101D05C50B00E34A5B /* Products */;
			projectDirPath = "";
			projectRoot = "";
			targets = (
				94EC470E1D05C50B00E34A5B /* e2 */,
				94EC471C1D05C52300E34A5B /* controller */,
			);
		};
/* End PBXProject section */

/* Begin PBXSourcesBuildPhase section */
		94EC470B1D05C50B00E34A5B /* Sources */ = {
			isa = PBXSourcesBuildPhase;
			buildActionMask = 2147483647;
			files = (
			);
			runOnlyForDeploymentPostprocessing = 0;
		};
		94EC47191D05C52300E34A5B /* Sources */ = {
			isa = PBXSourcesBuildPhase;
			buildActionMask = 2147483647;
			files = (
				94EC47201D05C52300E34A5B /* main.cpp in Sources */,
				94F0019F1D0788F000EDC9F7 /* Logger.cpp in Sources */,
				94F0019A1D06A86B00EDC9F7 /* E2Server.cpp in Sources */,
				94EC47271D05D15400E34A5B /* Config.cpp in Sources */,
				94EC472E1D0618B500E34A5B /* CmdOptions.cpp in Sources */,
			);
			runOnlyForDeploymentPostprocessing = 0;
		};
/* End PBXSourcesBuildPhase section */

/* Begin XCBuildConfiguration section */
		94EC47141D05C50B00E34A5B /* Debug */ = {
			isa = XCBuildConfiguration;
			buildSettings = {
				ALWAYS_SEARCH_USER_PATHS = NO;
				CLANG_CXX_LANGUAGE_STANDARD = "gnu++0x";
				CLANG_CXX_LIBRARY = "libc++";
				CLANG_ENABLE_MODULES = YES;
				CLANG_ENABLE_OBJC_ARC = YES;
				CLANG_WARN_BOOL_CONVERSION = YES;
				CLANG_WARN_CONSTANT_CONVERSION = YES;
				CLANG_WARN_DIRECT_OBJC_ISA_USAGE = YES_ERROR;
				CLANG_WARN_EMPTY_BODY = YES;
				CLANG_WARN_ENUM_CONVERSION = YES;
				CLANG_WARN_INT_CONVERSION = YES;
				CLANG_WARN_OBJC_ROOT_CLASS = YES_ERROR;
				CLANG_WARN_UNREACHABLE_CODE = YES;
				CLANG_WARN__DUPLICATE_METHOD_MATCH = YES;
				CODE_SIGN_IDENTITY = "-";
				COPY_PHASE_STRIP = NO;
				DEBUG_INFORMATION_FORMAT = dwarf;
				ENABLE_STRICT_OBJC_MSGSEND = YES;
				ENABLE_TESTABILITY = YES;
				GCC_C_LANGUAGE_STANDARD = gnu99;
				GCC_DYNAMIC_NO_PIC = NO;
				GCC_NO_COMMON_BLOCKS = YES;
				GCC_OPTIMIZATION_LEVEL = 0;
				GCC_PREPROCESSOR_DEFINITIONS = (
					"DEBUG=1",
					"$(inherited)",
				);
				GCC_WARN_64_TO_32_BIT_CONVERSION = YES;
				GCC_WARN_ABOUT_RETURN_TYPE = YES_ERROR;
				GCC_WARN_UNDECLARED_SELECTOR = YES;
				GCC_WARN_UNINITIALIZED_AUTOS = YES_AGGRESSIVE;
				GCC_WARN_UNUSED_FUNCTION = YES;
				GCC_WARN_UNUSED_VARIABLE = YES;
				MACOSX_DEPLOYMENT_TARGET = 10.10;
				MTL_ENABLE_DEBUG_INFO = YES;
				ONLY_ACTIVE_ARCH = YES;
				SDKROOT = macosx;
			};
			name = Debug;
		};
		94EC47151D05C50B00E34A5B /* Release */ = {
			isa = XCBuildConfiguration;
			buildSettings = {
				ALWAYS_SEARCH_USER_PATHS = NO;
				CLANG_CXX_LANGUAGE_STANDARD = "gnu++0x";
				CLANG_CXX_LIBRARY = "libc++";
				CLANG_ENABLE_MODULES = YES;
				CLANG_ENABLE_OBJC_ARC = YES;
				CLANG_WARN_BOOL_CONVERSION = YES;
				CLANG_WARN_CONSTANT_CONVERSION = YES;
				CLANG_WARN_DIRECT_OBJC_ISA_USAGE = YES_ERROR;
				CLANG_WARN_EMPTY_BODY = YES;
				CLANG_WARN_ENUM_CONVERSION = YES;
				CLANG_WARN_INT_CONVERSION = YES;
				CLANG_WARN_OBJC_ROOT_CLASS = YES_ERROR;
				CLANG_WARN_UNREACHABLE_CODE = YES;
				CLANG_WARN__DUPLICATE_METHOD_MATCH = YES;
				CODE_SIGN_IDENTITY = "-";
				COPY_PHASE_STRIP = NO;
				DEBUG_INFORMATION_FORMAT = "dwarf-with-dsym";
				ENABLE_NS_ASSERTIONS = NO;
				ENABLE_STRICT_OBJC_MSGSEND = YES;
				GCC_C_LANGUAGE_STANDARD = gnu99;
				GCC_NO_COMMON_BLOCKS = YES;
				GCC_WARN_64_TO_32_BIT_CONVERSION = YES;
				GCC_WARN_ABOUT_RETURN_TYPE = YES_ERROR;
				GCC_WARN_UNDECLARED_SELECTOR = YES;
				GCC_WARN_UNINITIALIZED_AUTOS = YES_AGGRESSIVE;
				GCC_WARN_UNUSED_FUNCTION = YES;
				GCC_WARN_UNUSED_VARIABLE = YES;
				MACOSX_DEPLOYMENT_TARGET = 10.10;
				MTL_ENABLE_DEBUG_INFO = NO;
				SDKROOT = macosx;
			};
			name = Release;
		};
		94EC47171D05C50B00E34A5B /* Debug */ = {
			isa = XCBuildConfiguration;
			buildSettings = {
				PRODUCT_NAME = "$(TARGET_NAME)";
			};
			name = Debug;
		};
		94EC47181D05C50B00E34A5B /* Release */ = {
			isa = XCBuildConfiguration;
			buildSettings = {
				PRODUCT_NAME = "$(TARGET_NAME)";
			};
			name = Release;
		};
		94EC47221D05C52300E34A5B /* Debug */ = {
			isa = XCBuildConfiguration;
			buildSettings = {
				"HEADER_SEARCH_PATHS[arch=*]" = (
					/Users/nitin/e2c/e2/src/e2/lib/h,
					/usr/local/include,
				);
				"LIBRARY_SEARCH_PATHS[arch=*]" = (
					/usr/local/lib,
					/Users/nitin/e2c/e2/src/e2/lib,
				);
				"OTHER_LDFLAGS[arch=*]" = (
					"-linih",
					"-lprotos",
					"-le2_api",
					"-lpthread",
					"-ldl",
					"-lgrpc++_unsecure",
					"-lgrpc",
					"-lgpr",
					"-lprotobuf",
				);
				PRODUCT_NAME = "$(TARGET_NAME)";
			};
			name = Debug;
		};
		94EC47231D05C52300E34A5B /* Release */ = {
			isa = XCBuildConfiguration;
			buildSettings = {
				PRODUCT_NAME = "$(TARGET_NAME)";
			};
			name = Release;
		};
/* End XCBuildConfiguration section */

/* Begin XCConfigurationList section */
		94EC470A1D05C50B00E34A5B /* Build configuration list for PBXProject "e2" */ = {
			isa = XCConfigurationList;
			buildConfigurations = (
				94EC47141D05C50B00E34A5B /* Debug */,
				94EC47151D05C50B00E34A5B /* Release */,
			);
			defaultConfigurationIsVisible = 0;
			defaultConfigurationName = Release;
		};
		94EC47161D05C50B00E34A5B /* Build configuration list for PBXNativeTarget "e2" */ = {
			isa = XCConfigurationList;
			buildConfigurations = (
				94EC47171D05C50B00E34A5B /* Debug */,
				94EC47181D05C50B00E34A5B /* Release */,
			);
			defaultConfigurationIsVisible = 0;
			defaultConfigurationName = Release;
		};
		94EC47211D05C52300E34A5B /* Build configuration list for PBXNativeTarget "controller" */ = {
			isa = XCConfigurationList;
			buildConfigurations = (
				94EC47221D05C52300E34A5B /* Debug */,
				94EC47231D05C52300E34A5B /* Release */,
			);
			defaultConfigurationIsVisible = 0;
			defaultConfigurationName = Release;
		};
/* End XCConfigurationList section */
	};
	rootObject = 94EC47071D05C50B00E34A5B /* Project object */;
}
